// !$*UTF8*$!
{
	archiveVersion = 1;
	classes = {
	};
	objectVersion = 50;
	objects = {

/* Begin PBXBuildFile section */
		DC3AE2782380BE7500F0E04B /* HomepageHeaderCollectionViewCell.swift in Sources */ = {isa = PBXBuildFile; fileRef = DC3AE2772380BE7500F0E04B /* HomepageHeaderCollectionViewCell.swift */; };
		DC3AE27B2380C9A300F0E04B /* Futura Book font.ttf in Resources */ = {isa = PBXBuildFile; fileRef = DC3AE2762380B57600F0E04B /* Futura Book font.ttf */; };
		DC3AE27C2380C9A500F0E04B /* PlayfairDisplay-Bold.otf in Resources */ = {isa = PBXBuildFile; fileRef = DC758F7D2380B1CE00F9B2A0 /* PlayfairDisplay-Bold.otf */; };
		DC3AE2822381E3DB00F0E04B /* FuturaBold-font.ttf in Resources */ = {isa = PBXBuildFile; fileRef = DC3AE2812381E3D700F0E04B /* FuturaBold-font.ttf */; };
		DC4362DD23667F9A004F5629 /* Info.swift in Sources */ = {isa = PBXBuildFile; fileRef = DC4362DC23667F9A004F5629 /* Info.swift */; };
		DC655447238261D0008E7EBE /* FloorDetailViewController.swift in Sources */ = {isa = PBXBuildFile; fileRef = DC655446238261D0008E7EBE /* FloorDetailViewController.swift */; };
		DC707C6223849D4200D2AEE6 /* WorkshopListViewController.swift in Sources */ = {isa = PBXBuildFile; fileRef = DC707C6123849D4200D2AEE6 /* WorkshopListViewController.swift */; };
		DC707C642384A2B500D2AEE6 /* WorkshopHeaderCollectionViewCell.swift in Sources */ = {isa = PBXBuildFile; fileRef = DC707C632384A2B500D2AEE6 /* WorkshopHeaderCollectionViewCell.swift */; };
		DC758F7B2380B04800F9B2A0 /* StyleGuide.swift in Sources */ = {isa = PBXBuildFile; fileRef = DC758F7A2380B04800F9B2A0 /* StyleGuide.swift */; };
		DC769475233131E7005709C8 /* Homepage.storyboard in Resources */ = {isa = PBXBuildFile; fileRef = DC769474233131E7005709C8 /* Homepage.storyboard */; };
		DC76947B2331371B005709C8 /* SmallDetailCollectionViewCell.swift in Sources */ = {isa = PBXBuildFile; fileRef = DC76947A2331371B005709C8 /* SmallDetailCollectionViewCell.swift */; };
		DC76948123313C44005709C8 /* HomePageViewController.swift in Sources */ = {isa = PBXBuildFile; fileRef = DC76948023313C44005709C8 /* HomePageViewController.swift */; };
		DC7A42572374D3D5009CF094 /* ScheduleCollectionViewCell.swift in Sources */ = {isa = PBXBuildFile; fileRef = DC7A42562374D3D5009CF094 /* ScheduleCollectionViewCell.swift */; };
		DC7A42592374E1A9009CF094 /* NoWorkshopCollectionViewCell.swift in Sources */ = {isa = PBXBuildFile; fileRef = DC7A42582374E1A9009CF094 /* NoWorkshopCollectionViewCell.swift */; };
		DC7A425B2374E21E009CF094 /* IntroAndOutroCollectionViewCell.swift in Sources */ = {isa = PBXBuildFile; fileRef = DC7A425A2374E21E009CF094 /* IntroAndOutroCollectionViewCell.swift */; };
		DC961BCE238E695000D3B704 /* ScheduleCellRoomLabel.swift in Sources */ = {isa = PBXBuildFile; fileRef = DC961BCD238E695000D3B704 /* ScheduleCellRoomLabel.swift */; };
		DC961BD0238E72BF00D3B704 /* ScheduleInfoButtons.swift in Sources */ = {isa = PBXBuildFile; fileRef = DC961BCF238E72BF00D3B704 /* ScheduleInfoButtons.swift */; };
		DC961BD2238E753B00D3B704 /* ScheduleInfoButton2.swift in Sources */ = {isa = PBXBuildFile; fileRef = DC961BD1238E753B00D3B704 /* ScheduleInfoButton2.swift */; };
		DC9D621F23733007002ED714 /* UserController.swift in Sources */ = {isa = PBXBuildFile; fileRef = DC9D621E23733007002ED714 /* UserController.swift */; };
		DC9D6221237336A0002ED714 /* WorkshopController.swift in Sources */ = {isa = PBXBuildFile; fileRef = DC9D6220237336A0002ED714 /* WorkshopController.swift */; };
		DC9D622323733DB5002ED714 /* FloorController.swift in Sources */ = {isa = PBXBuildFile; fileRef = DC9D622223733DB5002ED714 /* FloorController.swift */; };
		DC9D622523733E5D002ED714 /* InfoController.swift in Sources */ = {isa = PBXBuildFile; fileRef = DC9D622423733E5D002ED714 /* InfoController.swift */; };
		DC9D622723735289002ED714 /* Schedule.storyboard in Resources */ = {isa = PBXBuildFile; fileRef = DC9D622623735289002ED714 /* Schedule.storyboard */; };
		DC9D622B23735357002ED714 /* ScheduleViewController.swift in Sources */ = {isa = PBXBuildFile; fileRef = DC9D622A23735357002ED714 /* ScheduleViewController.swift */; };
		DCB9651F237B1CDC00DC8D17 /* FloorMapCollectionViewCell.swift in Sources */ = {isa = PBXBuildFile; fileRef = DCB9651E237B1CDC00DC8D17 /* FloorMapCollectionViewCell.swift */; };
		DCB96523237B1D7D00DC8D17 /* MapHeaderCollectionViewCell.swift in Sources */ = {isa = PBXBuildFile; fileRef = DCB96522237B1D7D00DC8D17 /* MapHeaderCollectionViewCell.swift */; };
		DCB96525237B237A00DC8D17 /* MapsViewController.swift in Sources */ = {isa = PBXBuildFile; fileRef = DCB96524237B237A00DC8D17 /* MapsViewController.swift */; };
		DCC2DF61238E89C10047B703 /* ProfileHeader.swift in Sources */ = {isa = PBXBuildFile; fileRef = DCC2DF60238E89C10047B703 /* ProfileHeader.swift */; };
		DCC2DF63238E8BBD0047B703 /* ProfileTextField.swift in Sources */ = {isa = PBXBuildFile; fileRef = DCC2DF62238E8BBD0047B703 /* ProfileTextField.swift */; };
		DCC2DF65238E913E0047B703 /* ProfileDropDowns.swift in Sources */ = {isa = PBXBuildFile; fileRef = DCC2DF64238E913E0047B703 /* ProfileDropDowns.swift */; };
		DCC361A12389C349003109CF /* WorkshopDetailViewController.swift in Sources */ = {isa = PBXBuildFile; fileRef = DCC361A02389C349003109CF /* WorkshopDetailViewController.swift */; };
		DCC361A42389C439003109CF /* Extensions.swift in Sources */ = {isa = PBXBuildFile; fileRef = DCC361A32389C439003109CF /* Extensions.swift */; };
		DCC361A62389C7F4003109CF /* MapDetailViewController.swift in Sources */ = {isa = PBXBuildFile; fileRef = DCC361A52389C7F4003109CF /* MapDetailViewController.swift */; };
		DCC361AA238C6C01003109CF /* Colors.xcassets in Resources */ = {isa = PBXBuildFile; fileRef = DCC361A9238C6C01003109CF /* Colors.xcassets */; };
		DCC361AE238C6DE7003109CF /* HeaderCellTitleLabel.swift in Sources */ = {isa = PBXBuildFile; fileRef = DCC361AD238C6DE7003109CF /* HeaderCellTitleLabel.swift */; };
		DCC361B0238C6EB9003109CF /* HeaderCellDescriptionLabel.swift in Sources */ = {isa = PBXBuildFile; fileRef = DCC361AF238C6EB9003109CF /* HeaderCellDescriptionLabel.swift */; };
		DCC361B2238C75C5003109CF /* InfoCellTitleLabel.swift in Sources */ = {isa = PBXBuildFile; fileRef = DCC361B1238C75C5003109CF /* InfoCellTitleLabel.swift */; };
		DCC361B4238C75F8003109CF /* InfoCellDescriptionLabel.swift in Sources */ = {isa = PBXBuildFile; fileRef = DCC361B3238C75F8003109CF /* InfoCellDescriptionLabel.swift */; };
		DCC361B8238C8774003109CF /* ScheduleCellTitleLabel.swift in Sources */ = {isa = PBXBuildFile; fileRef = DCC361B7238C8774003109CF /* ScheduleCellTitleLabel.swift */; };
		DCC361BA238C8C53003109CF /* ScheduleCellNameLabel.swift in Sources */ = {isa = PBXBuildFile; fileRef = DCC361B9238C8C53003109CF /* ScheduleCellNameLabel.swift */; };
		DCC361BC238C8DED003109CF /* ScheduleCellTimeLabel.swift in Sources */ = {isa = PBXBuildFile; fileRef = DCC361BB238C8DED003109CF /* ScheduleCellTimeLabel.swift */; };
		DCC361BE238C8F5E003109CF /* ScheduleSelectWorkshopLabel.swift in Sources */ = {isa = PBXBuildFile; fileRef = DCC361BD238C8F5E003109CF /* ScheduleSelectWorkshopLabel.swift */; };
		DCC361C0238C94E5003109CF /* TrackDropDownButton.swift in Sources */ = {isa = PBXBuildFile; fileRef = DCC361BF238C94E5003109CF /* TrackDropDownButton.swift */; };
		DCC361C2238DE2A2003109CF /* CreateUserViewController.swift in Sources */ = {isa = PBXBuildFile; fileRef = DCC361C1238DE2A2003109CF /* CreateUserViewController.swift */; };
		DCC36208238E1253003109CF /* FirebaseInstanceID.framework in Frameworks */ = {isa = PBXBuildFile; fileRef = DCC361F5238E1252003109CF /* FirebaseInstanceID.framework */; };
		DCC36209238E1253003109CF /* FirebaseCoreDiagnostics.framework in Frameworks */ = {isa = PBXBuildFile; fileRef = DCC361F6238E1252003109CF /* FirebaseCoreDiagnostics.framework */; };
		DCC3620B238E1253003109CF /* nanopb.framework in Frameworks */ = {isa = PBXBuildFile; fileRef = DCC361F8238E1252003109CF /* nanopb.framework */; };
		DCC3620C238E1253003109CF /* FirebaseAnalytics.framework in Frameworks */ = {isa = PBXBuildFile; fileRef = DCC361F9238E1252003109CF /* FirebaseAnalytics.framework */; };
		DCC3620D238E1253003109CF /* BoringSSL-GRPC.framework in Frameworks */ = {isa = PBXBuildFile; fileRef = DCC361FA238E1252003109CF /* BoringSSL-GRPC.framework */; };
		DCC3620E238E1253003109CF /* GTMSessionFetcher.framework in Frameworks */ = {isa = PBXBuildFile; fileRef = DCC361FB238E1252003109CF /* GTMSessionFetcher.framework */; };
		DCC3620F238E1253003109CF /* FirebaseAuth.framework in Frameworks */ = {isa = PBXBuildFile; fileRef = DCC361FC238E1252003109CF /* FirebaseAuth.framework */; };
		DCC36210238E1253003109CF /* gRPC-C++.framework in Frameworks */ = {isa = PBXBuildFile; fileRef = DCC361FD238E1252003109CF /* gRPC-C++.framework */; };
		DCC36211238E1253003109CF /* FIRAnalyticsConnector.framework in Frameworks */ = {isa = PBXBuildFile; fileRef = DCC361FE238E1252003109CF /* FIRAnalyticsConnector.framework */; };
		DCC36212238E1253003109CF /* FirebaseCore.framework in Frameworks */ = {isa = PBXBuildFile; fileRef = DCC361FF238E1252003109CF /* FirebaseCore.framework */; };
		DCC36213238E1253003109CF /* FirebaseStorage.framework in Frameworks */ = {isa = PBXBuildFile; fileRef = DCC36200238E1252003109CF /* FirebaseStorage.framework */; };
		DCC36214238E1253003109CF /* leveldb-library.framework in Frameworks */ = {isa = PBXBuildFile; fileRef = DCC36201238E1252003109CF /* leveldb-library.framework */; };
		DCC36215238E1253003109CF /* GoogleUtilities.framework in Frameworks */ = {isa = PBXBuildFile; fileRef = DCC36202238E1252003109CF /* GoogleUtilities.framework */; };
		DCC36216238E1253003109CF /* FirebaseFirestore.framework in Frameworks */ = {isa = PBXBuildFile; fileRef = DCC36203238E1253003109CF /* FirebaseFirestore.framework */; };
		DCC36217238E1253003109CF /* GoogleAppMeasurement.framework in Frameworks */ = {isa = PBXBuildFile; fileRef = DCC36204238E1253003109CF /* GoogleAppMeasurement.framework */; };
		DCC36218238E1253003109CF /* GoogleDataTransportCCTSupport.framework in Frameworks */ = {isa = PBXBuildFile; fileRef = DCC36205238E1253003109CF /* GoogleDataTransportCCTSupport.framework */; };
		DCC36219238E1253003109CF /* gRPC-Core.framework in Frameworks */ = {isa = PBXBuildFile; fileRef = DCC36206238E1253003109CF /* gRPC-Core.framework */; };
		DCC3621A238E1253003109CF /* GoogleDataTransport.framework in Frameworks */ = {isa = PBXBuildFile; fileRef = DCC36207238E1253003109CF /* GoogleDataTransport.framework */; };
		DCC3621D238E1277003109CF /* libc++.tbd in Frameworks */ = {isa = PBXBuildFile; fileRef = DCC3621C238E126D003109CF /* libc++.tbd */; };
		DCC36221238E1295003109CF /* libsqlite3.tbd in Frameworks */ = {isa = PBXBuildFile; fileRef = DCC3621E238E1284003109CF /* libsqlite3.tbd */; };
		DCC36223238E12E7003109CF /* GoogleService-Info.plist in Resources */ = {isa = PBXBuildFile; fileRef = DCC36222238E12E7003109CF /* GoogleService-Info.plist */; };
		DCC36225238E1339003109CF /* gRPCCertificates-Cpp.bundle in Resources */ = {isa = PBXBuildFile; fileRef = DCC36224238E1338003109CF /* gRPCCertificates-Cpp.bundle */; };
		DCC36227238E145D003109CF /* abseil.framework in Frameworks */ = {isa = PBXBuildFile; fileRef = DCC36226238E145D003109CF /* abseil.framework */; };
		DCCDAEA6237A3BB2009234BE /* Surveys.storyboard in Resources */ = {isa = PBXBuildFile; fileRef = DCCDAEA5237A3BB2009234BE /* Surveys.storyboard */; };
		DCCDAEA8237A3C20009234BE /* Maps.storyboard in Resources */ = {isa = PBXBuildFile; fileRef = DCCDAEA7237A3C20009234BE /* Maps.storyboard */; };
		DCCDAEAA237A3C2B009234BE /* Profile.storyboard in Resources */ = {isa = PBXBuildFile; fileRef = DCCDAEA9237A3C2B009234BE /* Profile.storyboard */; };
		DCCDAEAD237A42F0009234BE /* SurveyViewController.swift in Sources */ = {isa = PBXBuildFile; fileRef = DCCDAEAC237A42F0009234BE /* SurveyViewController.swift */; };
		DCCDAEB4237A434A009234BE /* ProfileViewController.swift in Sources */ = {isa = PBXBuildFile; fileRef = DCCDAEB3237A434A009234BE /* ProfileViewController.swift */; };
		DCE44C2722FCAC1D006E5D7D /* AppDelegate.swift in Sources */ = {isa = PBXBuildFile; fileRef = DCE44C2622FCAC1D006E5D7D /* AppDelegate.swift */; };
		DCE44C2C22FCAC1D006E5D7D /* Main.storyboard in Resources */ = {isa = PBXBuildFile; fileRef = DCE44C2A22FCAC1D006E5D7D /* Main.storyboard */; };
		DCE44C2E22FCAC21006E5D7D /* Assets.xcassets in Resources */ = {isa = PBXBuildFile; fileRef = DCE44C2D22FCAC21006E5D7D /* Assets.xcassets */; };
		DCE44C3122FCAC21006E5D7D /* LaunchScreen.storyboard in Resources */ = {isa = PBXBuildFile; fileRef = DCE44C2F22FCAC21006E5D7D /* LaunchScreen.storyboard */; };
		DCE44C3922FCAC8C006E5D7D /* User.swift in Sources */ = {isa = PBXBuildFile; fileRef = DCE44C3822FCAC8C006E5D7D /* User.swift */; };
		DCE44C3B22FCAC93006E5D7D /* Workshop.swift in Sources */ = {isa = PBXBuildFile; fileRef = DCE44C3A22FCAC93006E5D7D /* Workshop.swift */; };
		DCE44C4122FCACA7006E5D7D /* Floor.swift in Sources */ = {isa = PBXBuildFile; fileRef = DCE44C4022FCACA7006E5D7D /* Floor.swift */; };
		DCEEF213237632B2005F3EE7 /* TitleCollectionViewCell.swift in Sources */ = {isa = PBXBuildFile; fileRef = DCEEF212237632B2005F3EE7 /* TitleCollectionViewCell.swift */; };
		DCEEF21523763C7F005F3EE7 /* WorkshopCollectionViewCell.swift in Sources */ = {isa = PBXBuildFile; fileRef = DCEEF21423763C7F005F3EE7 /* WorkshopCollectionViewCell.swift */; };
		DCFFB7B9238EFC4700E98A36 /* StoreKit.framework in Frameworks */ = {isa = PBXBuildFile; fileRef = DCFFB7B8238EFC4700E98A36 /* StoreKit.framework */; };
/* End PBXBuildFile section */

/* Begin PBXFileReference section */
		DC3AE2762380B57600F0E04B /* Futura Book font.ttf */ = {isa = PBXFileReference; lastKnownFileType = file; name = "Futura Book font.ttf"; path = "EncircleAssets/futura/Futura Book font.ttf"; sourceTree = SOURCE_ROOT; };
		DC3AE2772380BE7500F0E04B /* HomepageHeaderCollectionViewCell.swift */ = {isa = PBXFileReference; lastKnownFileType = sourcecode.swift; path = HomepageHeaderCollectionViewCell.swift; sourceTree = "<group>"; };
		DC3AE2812381E3D700F0E04B /* FuturaBold-font.ttf */ = {isa = PBXFileReference; lastKnownFileType = file; name = "FuturaBold-font.ttf"; path = "EncircleWinterSummit/Resources/Fonts/FuturaBold-font.ttf"; sourceTree = SOURCE_ROOT; };
		DC4362DC23667F9A004F5629 /* Info.swift */ = {isa = PBXFileReference; lastKnownFileType = sourcecode.swift; path = Info.swift; sourceTree = "<group>"; };
		DC655446238261D0008E7EBE /* FloorDetailViewController.swift */ = {isa = PBXFileReference; lastKnownFileType = sourcecode.swift; path = FloorDetailViewController.swift; sourceTree = "<group>"; };
		DC707C6123849D4200D2AEE6 /* WorkshopListViewController.swift */ = {isa = PBXFileReference; lastKnownFileType = sourcecode.swift; path = WorkshopListViewController.swift; sourceTree = "<group>"; };
		DC707C632384A2B500D2AEE6 /* WorkshopHeaderCollectionViewCell.swift */ = {isa = PBXFileReference; lastKnownFileType = sourcecode.swift; path = WorkshopHeaderCollectionViewCell.swift; sourceTree = "<group>"; };
		DC758F7A2380B04800F9B2A0 /* StyleGuide.swift */ = {isa = PBXFileReference; lastKnownFileType = sourcecode.swift; path = StyleGuide.swift; sourceTree = "<group>"; };
		DC758F7D2380B1CE00F9B2A0 /* PlayfairDisplay-Bold.otf */ = {isa = PBXFileReference; lastKnownFileType = file; path = "PlayfairDisplay-Bold.otf"; sourceTree = "<group>"; };
		DC769474233131E7005709C8 /* Homepage.storyboard */ = {isa = PBXFileReference; lastKnownFileType = file.storyboard; path = Homepage.storyboard; sourceTree = "<group>"; };
		DC76947A2331371B005709C8 /* SmallDetailCollectionViewCell.swift */ = {isa = PBXFileReference; lastKnownFileType = sourcecode.swift; path = SmallDetailCollectionViewCell.swift; sourceTree = "<group>"; };
		DC76948023313C44005709C8 /* HomePageViewController.swift */ = {isa = PBXFileReference; lastKnownFileType = sourcecode.swift; path = HomePageViewController.swift; sourceTree = "<group>"; };
		DC7A42562374D3D5009CF094 /* ScheduleCollectionViewCell.swift */ = {isa = PBXFileReference; lastKnownFileType = sourcecode.swift; path = ScheduleCollectionViewCell.swift; sourceTree = "<group>"; };
		DC7A42582374E1A9009CF094 /* NoWorkshopCollectionViewCell.swift */ = {isa = PBXFileReference; lastKnownFileType = sourcecode.swift; path = NoWorkshopCollectionViewCell.swift; sourceTree = "<group>"; };
		DC7A425A2374E21E009CF094 /* IntroAndOutroCollectionViewCell.swift */ = {isa = PBXFileReference; lastKnownFileType = sourcecode.swift; path = IntroAndOutroCollectionViewCell.swift; sourceTree = "<group>"; };
		DC961BCD238E695000D3B704 /* ScheduleCellRoomLabel.swift */ = {isa = PBXFileReference; lastKnownFileType = sourcecode.swift; path = ScheduleCellRoomLabel.swift; sourceTree = "<group>"; };
		DC961BCF238E72BF00D3B704 /* ScheduleInfoButtons.swift */ = {isa = PBXFileReference; lastKnownFileType = sourcecode.swift; path = ScheduleInfoButtons.swift; sourceTree = "<group>"; };
		DC961BD1238E753B00D3B704 /* ScheduleInfoButton2.swift */ = {isa = PBXFileReference; lastKnownFileType = sourcecode.swift; path = ScheduleInfoButton2.swift; sourceTree = "<group>"; };
		DC9D621E23733007002ED714 /* UserController.swift */ = {isa = PBXFileReference; lastKnownFileType = sourcecode.swift; path = UserController.swift; sourceTree = "<group>"; };
		DC9D6220237336A0002ED714 /* WorkshopController.swift */ = {isa = PBXFileReference; lastKnownFileType = sourcecode.swift; path = WorkshopController.swift; sourceTree = "<group>"; };
		DC9D622223733DB5002ED714 /* FloorController.swift */ = {isa = PBXFileReference; lastKnownFileType = sourcecode.swift; path = FloorController.swift; sourceTree = "<group>"; };
		DC9D622423733E5D002ED714 /* InfoController.swift */ = {isa = PBXFileReference; lastKnownFileType = sourcecode.swift; path = InfoController.swift; sourceTree = "<group>"; };
		DC9D622623735289002ED714 /* Schedule.storyboard */ = {isa = PBXFileReference; lastKnownFileType = file.storyboard; path = Schedule.storyboard; sourceTree = "<group>"; };
		DC9D622A23735357002ED714 /* ScheduleViewController.swift */ = {isa = PBXFileReference; lastKnownFileType = sourcecode.swift; path = ScheduleViewController.swift; sourceTree = "<group>"; };
		DCB9651E237B1CDC00DC8D17 /* FloorMapCollectionViewCell.swift */ = {isa = PBXFileReference; lastKnownFileType = sourcecode.swift; path = FloorMapCollectionViewCell.swift; sourceTree = "<group>"; };
		DCB96522237B1D7D00DC8D17 /* MapHeaderCollectionViewCell.swift */ = {isa = PBXFileReference; lastKnownFileType = sourcecode.swift; path = MapHeaderCollectionViewCell.swift; sourceTree = "<group>"; };
		DCB96524237B237A00DC8D17 /* MapsViewController.swift */ = {isa = PBXFileReference; lastKnownFileType = sourcecode.swift; name = MapsViewController.swift; path = Views/MapsViewController.swift; sourceTree = "<group>"; };
		DCC2DF60238E89C10047B703 /* ProfileHeader.swift */ = {isa = PBXFileReference; lastKnownFileType = sourcecode.swift; path = ProfileHeader.swift; sourceTree = "<group>"; };
		DCC2DF62238E8BBD0047B703 /* ProfileTextField.swift */ = {isa = PBXFileReference; lastKnownFileType = sourcecode.swift; path = ProfileTextField.swift; sourceTree = "<group>"; };
		DCC2DF64238E913E0047B703 /* ProfileDropDowns.swift */ = {isa = PBXFileReference; lastKnownFileType = sourcecode.swift; path = ProfileDropDowns.swift; sourceTree = "<group>"; };
		DCC361A02389C349003109CF /* WorkshopDetailViewController.swift */ = {isa = PBXFileReference; lastKnownFileType = sourcecode.swift; path = WorkshopDetailViewController.swift; sourceTree = "<group>"; };
		DCC361A32389C439003109CF /* Extensions.swift */ = {isa = PBXFileReference; lastKnownFileType = sourcecode.swift; path = Extensions.swift; sourceTree = "<group>"; };
		DCC361A52389C7F4003109CF /* MapDetailViewController.swift */ = {isa = PBXFileReference; lastKnownFileType = sourcecode.swift; path = MapDetailViewController.swift; sourceTree = "<group>"; };
		DCC361A9238C6C01003109CF /* Colors.xcassets */ = {isa = PBXFileReference; lastKnownFileType = folder.assetcatalog; path = Colors.xcassets; sourceTree = "<group>"; };
		DCC361AD238C6DE7003109CF /* HeaderCellTitleLabel.swift */ = {isa = PBXFileReference; lastKnownFileType = sourcecode.swift; path = HeaderCellTitleLabel.swift; sourceTree = "<group>"; };
		DCC361AF238C6EB9003109CF /* HeaderCellDescriptionLabel.swift */ = {isa = PBXFileReference; lastKnownFileType = sourcecode.swift; path = HeaderCellDescriptionLabel.swift; sourceTree = "<group>"; };
		DCC361B1238C75C5003109CF /* InfoCellTitleLabel.swift */ = {isa = PBXFileReference; lastKnownFileType = sourcecode.swift; path = InfoCellTitleLabel.swift; sourceTree = "<group>"; };
		DCC361B3238C75F8003109CF /* InfoCellDescriptionLabel.swift */ = {isa = PBXFileReference; lastKnownFileType = sourcecode.swift; path = InfoCellDescriptionLabel.swift; sourceTree = "<group>"; };
		DCC361B7238C8774003109CF /* ScheduleCellTitleLabel.swift */ = {isa = PBXFileReference; lastKnownFileType = sourcecode.swift; path = ScheduleCellTitleLabel.swift; sourceTree = "<group>"; };
		DCC361B9238C8C53003109CF /* ScheduleCellNameLabel.swift */ = {isa = PBXFileReference; lastKnownFileType = sourcecode.swift; path = ScheduleCellNameLabel.swift; sourceTree = "<group>"; };
		DCC361BB238C8DED003109CF /* ScheduleCellTimeLabel.swift */ = {isa = PBXFileReference; lastKnownFileType = sourcecode.swift; path = ScheduleCellTimeLabel.swift; sourceTree = "<group>"; };
		DCC361BD238C8F5E003109CF /* ScheduleSelectWorkshopLabel.swift */ = {isa = PBXFileReference; lastKnownFileType = sourcecode.swift; path = ScheduleSelectWorkshopLabel.swift; sourceTree = "<group>"; };
		DCC361BF238C94E5003109CF /* TrackDropDownButton.swift */ = {isa = PBXFileReference; lastKnownFileType = sourcecode.swift; path = TrackDropDownButton.swift; sourceTree = "<group>"; };
		DCC361C1238DE2A2003109CF /* CreateUserViewController.swift */ = {isa = PBXFileReference; lastKnownFileType = sourcecode.swift; path = CreateUserViewController.swift; sourceTree = "<group>"; };
		DCC361F5238E1252003109CF /* FirebaseInstanceID.framework */ = {isa = PBXFileReference; lastKnownFileType = wrapper.framework; name = FirebaseInstanceID.framework; path = Carthage/Build/iOS/FirebaseInstanceID.framework; sourceTree = "<group>"; };
		DCC361F6238E1252003109CF /* FirebaseCoreDiagnostics.framework */ = {isa = PBXFileReference; lastKnownFileType = wrapper.framework; name = FirebaseCoreDiagnostics.framework; path = Carthage/Build/iOS/FirebaseCoreDiagnostics.framework; sourceTree = "<group>"; };
		DCC361F7238E1252003109CF /* Firebase.framework */ = {isa = PBXFileReference; lastKnownFileType = wrapper.framework; name = Firebase.framework; path = Carthage/Build/iOS/Firebase.framework; sourceTree = "<group>"; };
		DCC361F8238E1252003109CF /* nanopb.framework */ = {isa = PBXFileReference; lastKnownFileType = wrapper.framework; name = nanopb.framework; path = Carthage/Build/iOS/nanopb.framework; sourceTree = "<group>"; };
		DCC361F9238E1252003109CF /* FirebaseAnalytics.framework */ = {isa = PBXFileReference; lastKnownFileType = wrapper.framework; name = FirebaseAnalytics.framework; path = Carthage/Build/iOS/FirebaseAnalytics.framework; sourceTree = "<group>"; };
		DCC361FA238E1252003109CF /* BoringSSL-GRPC.framework */ = {isa = PBXFileReference; lastKnownFileType = wrapper.framework; name = "BoringSSL-GRPC.framework"; path = "Carthage/Build/iOS/BoringSSL-GRPC.framework"; sourceTree = "<group>"; };
		DCC361FB238E1252003109CF /* GTMSessionFetcher.framework */ = {isa = PBXFileReference; lastKnownFileType = wrapper.framework; name = GTMSessionFetcher.framework; path = Carthage/Build/iOS/GTMSessionFetcher.framework; sourceTree = "<group>"; };
		DCC361FC238E1252003109CF /* FirebaseAuth.framework */ = {isa = PBXFileReference; lastKnownFileType = wrapper.framework; name = FirebaseAuth.framework; path = Carthage/Build/iOS/FirebaseAuth.framework; sourceTree = "<group>"; };
		DCC361FD238E1252003109CF /* gRPC-C++.framework */ = {isa = PBXFileReference; lastKnownFileType = wrapper.framework; name = "gRPC-C++.framework"; path = "Carthage/Build/iOS/gRPC-C++.framework"; sourceTree = "<group>"; };
		DCC361FE238E1252003109CF /* FIRAnalyticsConnector.framework */ = {isa = PBXFileReference; lastKnownFileType = wrapper.framework; name = FIRAnalyticsConnector.framework; path = Carthage/Build/iOS/FIRAnalyticsConnector.framework; sourceTree = "<group>"; };
		DCC361FF238E1252003109CF /* FirebaseCore.framework */ = {isa = PBXFileReference; lastKnownFileType = wrapper.framework; name = FirebaseCore.framework; path = Carthage/Build/iOS/FirebaseCore.framework; sourceTree = "<group>"; };
		DCC36200238E1252003109CF /* FirebaseStorage.framework */ = {isa = PBXFileReference; lastKnownFileType = wrapper.framework; name = FirebaseStorage.framework; path = Carthage/Build/iOS/FirebaseStorage.framework; sourceTree = "<group>"; };
		DCC36201238E1252003109CF /* leveldb-library.framework */ = {isa = PBXFileReference; lastKnownFileType = wrapper.framework; name = "leveldb-library.framework"; path = "Carthage/Build/iOS/leveldb-library.framework"; sourceTree = "<group>"; };
		DCC36202238E1252003109CF /* GoogleUtilities.framework */ = {isa = PBXFileReference; lastKnownFileType = wrapper.framework; name = GoogleUtilities.framework; path = Carthage/Build/iOS/GoogleUtilities.framework; sourceTree = "<group>"; };
		DCC36203238E1253003109CF /* FirebaseFirestore.framework */ = {isa = PBXFileReference; lastKnownFileType = wrapper.framework; name = FirebaseFirestore.framework; path = Carthage/Build/iOS/FirebaseFirestore.framework; sourceTree = "<group>"; };
		DCC36204238E1253003109CF /* GoogleAppMeasurement.framework */ = {isa = PBXFileReference; lastKnownFileType = wrapper.framework; name = GoogleAppMeasurement.framework; path = Carthage/Build/iOS/GoogleAppMeasurement.framework; sourceTree = "<group>"; };
		DCC36205238E1253003109CF /* GoogleDataTransportCCTSupport.framework */ = {isa = PBXFileReference; lastKnownFileType = wrapper.framework; name = GoogleDataTransportCCTSupport.framework; path = Carthage/Build/iOS/GoogleDataTransportCCTSupport.framework; sourceTree = "<group>"; };
		DCC36206238E1253003109CF /* gRPC-Core.framework */ = {isa = PBXFileReference; lastKnownFileType = wrapper.framework; name = "gRPC-Core.framework"; path = "Carthage/Build/iOS/gRPC-Core.framework"; sourceTree = "<group>"; };
		DCC36207238E1253003109CF /* GoogleDataTransport.framework */ = {isa = PBXFileReference; lastKnownFileType = wrapper.framework; name = GoogleDataTransport.framework; path = Carthage/Build/iOS/GoogleDataTransport.framework; sourceTree = "<group>"; };
		DCC3621C238E126D003109CF /* libc++.tbd */ = {isa = PBXFileReference; lastKnownFileType = "sourcecode.text-based-dylib-definition"; name = "libc++.tbd"; path = "usr/lib/libc++.tbd"; sourceTree = SDKROOT; };
		DCC3621E238E1284003109CF /* libsqlite3.tbd */ = {isa = PBXFileReference; lastKnownFileType = "sourcecode.text-based-dylib-definition"; name = libsqlite3.tbd; path = usr/lib/libsqlite3.tbd; sourceTree = SDKROOT; };
		DCC36222238E12E7003109CF /* GoogleService-Info.plist */ = {isa = PBXFileReference; lastKnownFileType = text.plist; path = "GoogleService-Info.plist"; sourceTree = SOURCE_ROOT; };
		DCC36224238E1338003109CF /* gRPCCertificates-Cpp.bundle */ = {isa = PBXFileReference; lastKnownFileType = "wrapper.plug-in"; name = "gRPCCertificates-Cpp.bundle"; path = "Carthage/Build/iOS/gRPC-C++.framework/Resources/gRPCCertificates-Cpp.bundle"; sourceTree = "<group>"; };
		DCC36226238E145D003109CF /* abseil.framework */ = {isa = PBXFileReference; lastKnownFileType = wrapper.framework; name = abseil.framework; path = Carthage/Build/iOS/abseil.framework; sourceTree = "<group>"; };
		DCCDAEA5237A3BB2009234BE /* Surveys.storyboard */ = {isa = PBXFileReference; lastKnownFileType = file.storyboard; path = Surveys.storyboard; sourceTree = "<group>"; };
		DCCDAEA7237A3C20009234BE /* Maps.storyboard */ = {isa = PBXFileReference; lastKnownFileType = file.storyboard; path = Maps.storyboard; sourceTree = "<group>"; };
		DCCDAEA9237A3C2B009234BE /* Profile.storyboard */ = {isa = PBXFileReference; lastKnownFileType = file.storyboard; path = Profile.storyboard; sourceTree = "<group>"; };
		DCCDAEAC237A42F0009234BE /* SurveyViewController.swift */ = {isa = PBXFileReference; lastKnownFileType = sourcecode.swift; path = SurveyViewController.swift; sourceTree = "<group>"; };
		DCCDAEB3237A434A009234BE /* ProfileViewController.swift */ = {isa = PBXFileReference; lastKnownFileType = sourcecode.swift; path = ProfileViewController.swift; sourceTree = "<group>"; };
		DCE44C2322FCAC1D006E5D7D /* EncircleWinterSummit.app */ = {isa = PBXFileReference; explicitFileType = wrapper.application; includeInIndex = 0; path = EncircleWinterSummit.app; sourceTree = BUILT_PRODUCTS_DIR; };
		DCE44C2622FCAC1D006E5D7D /* AppDelegate.swift */ = {isa = PBXFileReference; lastKnownFileType = sourcecode.swift; path = AppDelegate.swift; sourceTree = "<group>"; };
		DCE44C2B22FCAC1D006E5D7D /* Base */ = {isa = PBXFileReference; lastKnownFileType = file.storyboard; name = Base; path = Base.lproj/Main.storyboard; sourceTree = "<group>"; };
		DCE44C2D22FCAC21006E5D7D /* Assets.xcassets */ = {isa = PBXFileReference; lastKnownFileType = folder.assetcatalog; path = Assets.xcassets; sourceTree = "<group>"; };
		DCE44C3022FCAC21006E5D7D /* Base */ = {isa = PBXFileReference; lastKnownFileType = file.storyboard; name = Base; path = Base.lproj/LaunchScreen.storyboard; sourceTree = "<group>"; };
		DCE44C3222FCAC21006E5D7D /* Info.plist */ = {isa = PBXFileReference; lastKnownFileType = text.plist.xml; path = Info.plist; sourceTree = "<group>"; };
		DCE44C3822FCAC8C006E5D7D /* User.swift */ = {isa = PBXFileReference; lastKnownFileType = sourcecode.swift; path = User.swift; sourceTree = "<group>"; };
		DCE44C3A22FCAC93006E5D7D /* Workshop.swift */ = {isa = PBXFileReference; lastKnownFileType = sourcecode.swift; path = Workshop.swift; sourceTree = "<group>"; };
		DCE44C4022FCACA7006E5D7D /* Floor.swift */ = {isa = PBXFileReference; lastKnownFileType = sourcecode.swift; path = Floor.swift; sourceTree = "<group>"; };
		DCEEF212237632B2005F3EE7 /* TitleCollectionViewCell.swift */ = {isa = PBXFileReference; lastKnownFileType = sourcecode.swift; path = TitleCollectionViewCell.swift; sourceTree = "<group>"; };
		DCEEF21423763C7F005F3EE7 /* WorkshopCollectionViewCell.swift */ = {isa = PBXFileReference; lastKnownFileType = sourcecode.swift; path = WorkshopCollectionViewCell.swift; sourceTree = "<group>"; };
		DCFFB7B8238EFC4700E98A36 /* StoreKit.framework */ = {isa = PBXFileReference; lastKnownFileType = wrapper.framework; name = StoreKit.framework; path = System/Library/Frameworks/StoreKit.framework; sourceTree = SDKROOT; };
/* End PBXFileReference section */

/* Begin PBXFrameworksBuildPhase section */
		DCE44C2022FCAC1D006E5D7D /* Frameworks */ = {
			isa = PBXFrameworksBuildPhase;
			buildActionMask = 2147483647;
			files = (
				DCC36208238E1253003109CF /* FirebaseInstanceID.framework in Frameworks */,
				DCC3621A238E1253003109CF /* GoogleDataTransport.framework in Frameworks */,
				DCC36210238E1253003109CF /* gRPC-C++.framework in Frameworks */,
				DCC36212238E1253003109CF /* FirebaseCore.framework in Frameworks */,
				DCC3621D238E1277003109CF /* libc++.tbd in Frameworks */,
				DCC36211238E1253003109CF /* FIRAnalyticsConnector.framework in Frameworks */,
				DCC3620B238E1253003109CF /* nanopb.framework in Frameworks */,
				DCC36227238E145D003109CF /* abseil.framework in Frameworks */,
				DCC36215238E1253003109CF /* GoogleUtilities.framework in Frameworks */,
				DCC36221238E1295003109CF /* libsqlite3.tbd in Frameworks */,
				DCC36209238E1253003109CF /* FirebaseCoreDiagnostics.framework in Frameworks */,
				DCC3620D238E1253003109CF /* BoringSSL-GRPC.framework in Frameworks */,
				DCC3620F238E1253003109CF /* FirebaseAuth.framework in Frameworks */,
				DCC3620E238E1253003109CF /* GTMSessionFetcher.framework in Frameworks */,
				DCC36219238E1253003109CF /* gRPC-Core.framework in Frameworks */,
				DCC36216238E1253003109CF /* FirebaseFirestore.framework in Frameworks */,
				DCC3620C238E1253003109CF /* FirebaseAnalytics.framework in Frameworks */,
				DCC36214238E1253003109CF /* leveldb-library.framework in Frameworks */,
				DCC36217238E1253003109CF /* GoogleAppMeasurement.framework in Frameworks */,
				DCC36213238E1253003109CF /* FirebaseStorage.framework in Frameworks */,
				DCC36218238E1253003109CF /* GoogleDataTransportCCTSupport.framework in Frameworks */,
				DCFFB7B9238EFC4700E98A36 /* StoreKit.framework in Frameworks */,
			);
			runOnlyForDeploymentPostprocessing = 0;
		};
/* End PBXFrameworksBuildPhase section */

/* Begin PBXGroup section */
		DC758F752380ABA800F9B2A0 /* CustomUI */ = {
			isa = PBXGroup;
			children = (
				DC758F7A2380B04800F9B2A0 /* StyleGuide.swift */,
				DCC361AD238C6DE7003109CF /* HeaderCellTitleLabel.swift */,
				DCC361AF238C6EB9003109CF /* HeaderCellDescriptionLabel.swift */,
				DCC361B1238C75C5003109CF /* InfoCellTitleLabel.swift */,
				DCC361B3238C75F8003109CF /* InfoCellDescriptionLabel.swift */,
				DCC361B7238C8774003109CF /* ScheduleCellTitleLabel.swift */,
				DCC361B9238C8C53003109CF /* ScheduleCellNameLabel.swift */,
				DCC361BB238C8DED003109CF /* ScheduleCellTimeLabel.swift */,
				DCC361BD238C8F5E003109CF /* ScheduleSelectWorkshopLabel.swift */,
				DCC361BF238C94E5003109CF /* TrackDropDownButton.swift */,
				DC961BCD238E695000D3B704 /* ScheduleCellRoomLabel.swift */,
				DC961BCF238E72BF00D3B704 /* ScheduleInfoButtons.swift */,
				DC961BD1238E753B00D3B704 /* ScheduleInfoButton2.swift */,
				DCC2DF60238E89C10047B703 /* ProfileHeader.swift */,
				DCC2DF62238E8BBD0047B703 /* ProfileTextField.swift */,
				DCC2DF64238E913E0047B703 /* ProfileDropDowns.swift */,
			);
			path = CustomUI;
			sourceTree = "<group>";
		};
		DC758F7C2380B19C00F9B2A0 /* Fonts */ = {
			isa = PBXGroup;
			children = (
				DC3AE2762380B57600F0E04B /* Futura Book font.ttf */,
				DC758F7D2380B1CE00F9B2A0 /* PlayfairDisplay-Bold.otf */,
				DC3AE2812381E3D700F0E04B /* FuturaBold-font.ttf */,
			);
			path = Fonts;
			sourceTree = "<group>";
		};
		DC76947323313177005709C8 /* ViewControllers */ = {
			isa = PBXGroup;
			children = (
				DCCDAEB2237A433B009234BE /* Profile */,
				DCCDAEAE237A4308009234BE /* Maps */,
				DCCDAEAB237A42E3009234BE /* Survey */,
				DC9D622923735345002ED714 /* Schedule */,
				DC9D62282373532D002ED714 /* HomePage */,
			);
			path = ViewControllers;
			sourceTree = "<group>";
		};
		DC76947623313263005709C8 /* Storyboards */ = {
			isa = PBXGroup;
			children = (
				DCE44C2A22FCAC1D006E5D7D /* Main.storyboard */,
				DC769474233131E7005709C8 /* Homepage.storyboard */,
				DC9D622623735289002ED714 /* Schedule.storyboard */,
				DCCDAEA5237A3BB2009234BE /* Surveys.storyboard */,
				DCCDAEA7237A3C20009234BE /* Maps.storyboard */,
				DCCDAEA9237A3C2B009234BE /* Profile.storyboard */,
			);
			path = Storyboards;
			sourceTree = "<group>";
		};
		DC769477233133A7005709C8 /* Views */ = {
			isa = PBXGroup;
			children = (
				DC76947A2331371B005709C8 /* SmallDetailCollectionViewCell.swift */,
				DC3AE2772380BE7500F0E04B /* HomepageHeaderCollectionViewCell.swift */,
			);
			path = Views;
			sourceTree = "<group>";
		};
		DC7A42552374D3C2009CF094 /* Views */ = {
			isa = PBXGroup;
			children = (
				DC7A42582374E1A9009CF094 /* NoWorkshopCollectionViewCell.swift */,
				DC7A42562374D3D5009CF094 /* ScheduleCollectionViewCell.swift */,
				DC7A425A2374E21E009CF094 /* IntroAndOutroCollectionViewCell.swift */,
				DCEEF21423763C7F005F3EE7 /* WorkshopCollectionViewCell.swift */,
				DCEEF212237632B2005F3EE7 /* TitleCollectionViewCell.swift */,
				DC707C632384A2B500D2AEE6 /* WorkshopHeaderCollectionViewCell.swift */,
			);
			path = Views;
			sourceTree = "<group>";
		};
		DC9D621D23732FE0002ED714 /* ModelControllers */ = {
			isa = PBXGroup;
			children = (
				DC9D621E23733007002ED714 /* UserController.swift */,
				DC9D6220237336A0002ED714 /* WorkshopController.swift */,
				DC9D622223733DB5002ED714 /* FloorController.swift */,
				DC9D622423733E5D002ED714 /* InfoController.swift */,
			);
			path = ModelControllers;
			sourceTree = "<group>";
		};
		DC9D62282373532D002ED714 /* HomePage */ = {
			isa = PBXGroup;
			children = (
				DC76948023313C44005709C8 /* HomePageViewController.swift */,
				DC769477233133A7005709C8 /* Views */,
			);
			path = HomePage;
			sourceTree = "<group>";
		};
		DC9D622923735345002ED714 /* Schedule */ = {
			isa = PBXGroup;
			children = (
				DC9D622A23735357002ED714 /* ScheduleViewController.swift */,
				DC707C6123849D4200D2AEE6 /* WorkshopListViewController.swift */,
				DCC361A02389C349003109CF /* WorkshopDetailViewController.swift */,
				DCC361A52389C7F4003109CF /* MapDetailViewController.swift */,
				DC7A42552374D3C2009CF094 /* Views */,
			);
			path = Schedule;
			sourceTree = "<group>";
		};
		DCB9651D237B1CB100DC8D17 /* Views */ = {
			isa = PBXGroup;
			children = (
				DCB9651E237B1CDC00DC8D17 /* FloorMapCollectionViewCell.swift */,
				DCB96522237B1D7D00DC8D17 /* MapHeaderCollectionViewCell.swift */,
			);
			path = Views;
			sourceTree = "<group>";
		};
		DCC361A22389C42E003109CF /* Extensions */ = {
			isa = PBXGroup;
			children = (
				DCC361A32389C439003109CF /* Extensions.swift */,
			);
			path = Extensions;
			sourceTree = "<group>";
		};
		DCC3621B238E126D003109CF /* Frameworks */ = {
			isa = PBXGroup;
			children = (
				DCFFB7B8238EFC4700E98A36 /* StoreKit.framework */,
				DCC3621E238E1284003109CF /* libsqlite3.tbd */,
				DCC3621C238E126D003109CF /* libc++.tbd */,
			);
			name = Frameworks;
			sourceTree = "<group>";
		};
		DCCDAEAB237A42E3009234BE /* Survey */ = {
			isa = PBXGroup;
			children = (
				DCCDAEAC237A42F0009234BE /* SurveyViewController.swift */,
			);
			path = Survey;
			sourceTree = "<group>";
		};
		DCCDAEAE237A4308009234BE /* Maps */ = {
			isa = PBXGroup;
			children = (
				DCB96524237B237A00DC8D17 /* MapsViewController.swift */,
				DC655446238261D0008E7EBE /* FloorDetailViewController.swift */,
				DCB9651D237B1CB100DC8D17 /* Views */,
			);
			path = Maps;
			sourceTree = "<group>";
		};
		DCCDAEB2237A433B009234BE /* Profile */ = {
			isa = PBXGroup;
			children = (
				DCCDAEB3237A434A009234BE /* ProfileViewController.swift */,
				DCC361C1238DE2A2003109CF /* CreateUserViewController.swift */,
			);
			path = Profile;
			sourceTree = "<group>";
		};
		DCE44C1A22FCAC1D006E5D7D = {
			isa = PBXGroup;
			children = (
				DCC36224238E1338003109CF /* gRPCCertificates-Cpp.bundle */,
				DCE44C2522FCAC1D006E5D7D /* EncircleWinterSummit */,
				DCE44C2422FCAC1D006E5D7D /* Products */,
				DCC36226238E145D003109CF /* abseil.framework */,
				DCC361FA238E1252003109CF /* BoringSSL-GRPC.framework */,
				DCC361FE238E1252003109CF /* FIRAnalyticsConnector.framework */,
				DCC361F7238E1252003109CF /* Firebase.framework */,
				DCC361F9238E1252003109CF /* FirebaseAnalytics.framework */,
				DCC361FC238E1252003109CF /* FirebaseAuth.framework */,
				DCC361FF238E1252003109CF /* FirebaseCore.framework */,
				DCC361F6238E1252003109CF /* FirebaseCoreDiagnostics.framework */,
				DCC36203238E1253003109CF /* FirebaseFirestore.framework */,
				DCC361F5238E1252003109CF /* FirebaseInstanceID.framework */,
				DCC36200238E1252003109CF /* FirebaseStorage.framework */,
				DCC36204238E1253003109CF /* GoogleAppMeasurement.framework */,
				DCC36207238E1253003109CF /* GoogleDataTransport.framework */,
				DCC36205238E1253003109CF /* GoogleDataTransportCCTSupport.framework */,
				DCC36202238E1252003109CF /* GoogleUtilities.framework */,
				DCC361FD238E1252003109CF /* gRPC-C++.framework */,
				DCC36206238E1253003109CF /* gRPC-Core.framework */,
				DCC361FB238E1252003109CF /* GTMSessionFetcher.framework */,
				DCC36201238E1252003109CF /* leveldb-library.framework */,
				DCC361F8238E1252003109CF /* nanopb.framework */,
				DCC3621B238E126D003109CF /* Frameworks */,
			);
			sourceTree = "<group>";
		};
		DCE44C2422FCAC1D006E5D7D /* Products */ = {
			isa = PBXGroup;
			children = (
				DCE44C2322FCAC1D006E5D7D /* EncircleWinterSummit.app */,
			);
			name = Products;
			sourceTree = "<group>";
		};
		DCE44C2522FCAC1D006E5D7D /* EncircleWinterSummit */ = {
			isa = PBXGroup;
			children = (
				DCC361A22389C42E003109CF /* Extensions */,
				DC758F752380ABA800F9B2A0 /* CustomUI */,
				DCE44C4322FCACC3006E5D7D /* Resources */,
				DC76947623313263005709C8 /* Storyboards */,
				DCE44C4222FCACAC006E5D7D /* Models */,
				DC9D621D23732FE0002ED714 /* ModelControllers */,
				DC76947323313177005709C8 /* ViewControllers */,
			);
			path = EncircleWinterSummit;
			sourceTree = "<group>";
		};
		DCE44C4222FCACAC006E5D7D /* Models */ = {
			isa = PBXGroup;
			children = (
				DCE44C3822FCAC8C006E5D7D /* User.swift */,
				DCE44C3A22FCAC93006E5D7D /* Workshop.swift */,
				DCE44C4022FCACA7006E5D7D /* Floor.swift */,
				DC4362DC23667F9A004F5629 /* Info.swift */,
			);
			path = Models;
			sourceTree = "<group>";
		};
		DCE44C4322FCACC3006E5D7D /* Resources */ = {
			isa = PBXGroup;
			children = (
				DC758F7C2380B19C00F9B2A0 /* Fonts */,
				DCE44C2622FCAC1D006E5D7D /* AppDelegate.swift */,
				DCE44C2D22FCAC21006E5D7D /* Assets.xcassets */,
				DCE44C2F22FCAC21006E5D7D /* LaunchScreen.storyboard */,
				DCE44C3222FCAC21006E5D7D /* Info.plist */,
				DCC36222238E12E7003109CF /* GoogleService-Info.plist */,
				DCC361A9238C6C01003109CF /* Colors.xcassets */,
			);
			path = Resources;
			sourceTree = "<group>";
		};
/* End PBXGroup section */

/* Begin PBXNativeTarget section */
		DCE44C2222FCAC1D006E5D7D /* EncircleWinterSummit */ = {
			isa = PBXNativeTarget;
			buildConfigurationList = DCE44C3522FCAC21006E5D7D /* Build configuration list for PBXNativeTarget "EncircleWinterSummit" */;
			buildPhases = (
				DCE44C1F22FCAC1D006E5D7D /* Sources */,
				DCE44C2022FCAC1D006E5D7D /* Frameworks */,
				DCE44C2122FCAC1D006E5D7D /* Resources */,
			);
			buildRules = (
			);
			dependencies = (
			);
			name = EncircleWinterSummit;
			productName = EncircleWinterSummit;
			productReference = DCE44C2322FCAC1D006E5D7D /* EncircleWinterSummit.app */;
			productType = "com.apple.product-type.application";
		};
/* End PBXNativeTarget section */

/* Begin PBXProject section */
		DCE44C1B22FCAC1D006E5D7D /* Project object */ = {
			isa = PBXProject;
			attributes = {
				LastSwiftUpdateCheck = 1030;
				LastUpgradeCheck = 1030;
				ORGANIZATIONNAME = DevMountain;
				TargetAttributes = {
					DCE44C2222FCAC1D006E5D7D = {
						CreatedOnToolsVersion = 10.3;
					};
				};
			};
			buildConfigurationList = DCE44C1E22FCAC1D006E5D7D /* Build configuration list for PBXProject "EncircleWinterSummit" */;
			compatibilityVersion = "Xcode 9.3";
			developmentRegion = en;
			hasScannedForEncodings = 0;
			knownRegions = (
				en,
				Base,
			);
			mainGroup = DCE44C1A22FCAC1D006E5D7D;
			productRefGroup = DCE44C2422FCAC1D006E5D7D /* Products */;
			projectDirPath = "";
			projectRoot = "";
			targets = (
				DCE44C2222FCAC1D006E5D7D /* EncircleWinterSummit */,
			);
		};
/* End PBXProject section */

/* Begin PBXResourcesBuildPhase section */
		DCE44C2122FCAC1D006E5D7D /* Resources */ = {
			isa = PBXResourcesBuildPhase;
			buildActionMask = 2147483647;
			files = (
				DCC36223238E12E7003109CF /* GoogleService-Info.plist in Resources */,
				DCC36225238E1339003109CF /* gRPCCertificates-Cpp.bundle in Resources */,
				DC769475233131E7005709C8 /* Homepage.storyboard in Resources */,
				DCCDAEA8237A3C20009234BE /* Maps.storyboard in Resources */,
				DC3AE2822381E3DB00F0E04B /* FuturaBold-font.ttf in Resources */,
				DCCDAEAA237A3C2B009234BE /* Profile.storyboard in Resources */,
				DC3AE27C2380C9A500F0E04B /* PlayfairDisplay-Bold.otf in Resources */,
				DCE44C3122FCAC21006E5D7D /* LaunchScreen.storyboard in Resources */,
				DCCDAEA6237A3BB2009234BE /* Surveys.storyboard in Resources */,
				DCE44C2E22FCAC21006E5D7D /* Assets.xcassets in Resources */,
				DCE44C2C22FCAC1D006E5D7D /* Main.storyboard in Resources */,
				DCC361AA238C6C01003109CF /* Colors.xcassets in Resources */,
				DC3AE27B2380C9A300F0E04B /* Futura Book font.ttf in Resources */,
				DC9D622723735289002ED714 /* Schedule.storyboard in Resources */,
			);
			runOnlyForDeploymentPostprocessing = 0;
		};
/* End PBXResourcesBuildPhase section */

/* Begin PBXSourcesBuildPhase section */
		DCE44C1F22FCAC1D006E5D7D /* Sources */ = {
			isa = PBXSourcesBuildPhase;
			buildActionMask = 2147483647;
			files = (
				DC7A42572374D3D5009CF094 /* ScheduleCollectionViewCell.swift in Sources */,
				DCC361B2238C75C5003109CF /* InfoCellTitleLabel.swift in Sources */,
				DCC361C2238DE2A2003109CF /* CreateUserViewController.swift in Sources */,
				DC9D622B23735357002ED714 /* ScheduleViewController.swift in Sources */,
				DC9D6221237336A0002ED714 /* WorkshopController.swift in Sources */,
				DC707C642384A2B500D2AEE6 /* WorkshopHeaderCollectionViewCell.swift in Sources */,
				DCC361AE238C6DE7003109CF /* HeaderCellTitleLabel.swift in Sources */,
				DCC2DF65238E913E0047B703 /* ProfileDropDowns.swift in Sources */,
				DC76947B2331371B005709C8 /* SmallDetailCollectionViewCell.swift in Sources */,
				DCC2DF61238E89C10047B703 /* ProfileHeader.swift in Sources */,
				DC9D621F23733007002ED714 /* UserController.swift in Sources */,
				DCB96523237B1D7D00DC8D17 /* MapHeaderCollectionViewCell.swift in Sources */,
				DCC2DF63238E8BBD0047B703 /* ProfileTextField.swift in Sources */,
				DCC361A42389C439003109CF /* Extensions.swift in Sources */,
				DCC361B8238C8774003109CF /* ScheduleCellTitleLabel.swift in Sources */,
				DC655447238261D0008E7EBE /* FloorDetailViewController.swift in Sources */,
				DCC361B4238C75F8003109CF /* InfoCellDescriptionLabel.swift in Sources */,
				DCC361BA238C8C53003109CF /* ScheduleCellNameLabel.swift in Sources */,
				DCCDAEB4237A434A009234BE /* ProfileViewController.swift in Sources */,
				DC707C6223849D4200D2AEE6 /* WorkshopListViewController.swift in Sources */,
				DCE44C2722FCAC1D006E5D7D /* AppDelegate.swift in Sources */,
				DCE44C4122FCACA7006E5D7D /* Floor.swift in Sources */,
				DCC361C0238C94E5003109CF /* TrackDropDownButton.swift in Sources */,
				DCEEF21523763C7F005F3EE7 /* WorkshopCollectionViewCell.swift in Sources */,
				DC758F7B2380B04800F9B2A0 /* StyleGuide.swift in Sources */,
				DC961BD0238E72BF00D3B704 /* ScheduleInfoButtons.swift in Sources */,
				DC961BD2238E753B00D3B704 /* ScheduleInfoButton2.swift in Sources */,
				DCC361B0238C6EB9003109CF /* HeaderCellDescriptionLabel.swift in Sources */,
				DCC361BE238C8F5E003109CF /* ScheduleSelectWorkshopLabel.swift in Sources */,
				DC76948123313C44005709C8 /* HomePageViewController.swift in Sources */,
				DC9D622523733E5D002ED714 /* InfoController.swift in Sources */,
				DCB96525237B237A00DC8D17 /* MapsViewController.swift in Sources */,
				DCC361BC238C8DED003109CF /* ScheduleCellTimeLabel.swift in Sources */,
				DC7A42592374E1A9009CF094 /* NoWorkshopCollectionViewCell.swift in Sources */,
				DC961BCE238E695000D3B704 /* ScheduleCellRoomLabel.swift in Sources */,
				DCE44C3B22FCAC93006E5D7D /* Workshop.swift in Sources */,
				DCC361A62389C7F4003109CF /* MapDetailViewController.swift in Sources */,
				DC3AE2782380BE7500F0E04B /* HomepageHeaderCollectionViewCell.swift in Sources */,
				DCC361A12389C349003109CF /* WorkshopDetailViewController.swift in Sources */,
				DCB9651F237B1CDC00DC8D17 /* FloorMapCollectionViewCell.swift in Sources */,
				DCCDAEAD237A42F0009234BE /* SurveyViewController.swift in Sources */,
				DC9D622323733DB5002ED714 /* FloorController.swift in Sources */,
				DCE44C3922FCAC8C006E5D7D /* User.swift in Sources */,
				DCEEF213237632B2005F3EE7 /* TitleCollectionViewCell.swift in Sources */,
				DC4362DD23667F9A004F5629 /* Info.swift in Sources */,
				DC7A425B2374E21E009CF094 /* IntroAndOutroCollectionViewCell.swift in Sources */,
			);
			runOnlyForDeploymentPostprocessing = 0;
		};
/* End PBXSourcesBuildPhase section */

/* Begin PBXVariantGroup section */
		DCE44C2A22FCAC1D006E5D7D /* Main.storyboard */ = {
			isa = PBXVariantGroup;
			children = (
				DCE44C2B22FCAC1D006E5D7D /* Base */,
			);
			name = Main.storyboard;
			sourceTree = "<group>";
		};
		DCE44C2F22FCAC21006E5D7D /* LaunchScreen.storyboard */ = {
			isa = PBXVariantGroup;
			children = (
				DCE44C3022FCAC21006E5D7D /* Base */,
			);
			name = LaunchScreen.storyboard;
			sourceTree = "<group>";
		};
/* End PBXVariantGroup section */

/* Begin XCBuildConfiguration section */
		DCE44C3322FCAC21006E5D7D /* Debug */ = {
			isa = XCBuildConfiguration;
			buildSettings = {
				ALWAYS_SEARCH_USER_PATHS = NO;
				CLANG_ANALYZER_NONNULL = YES;
				CLANG_ANALYZER_NUMBER_OBJECT_CONVERSION = YES_AGGRESSIVE;
				CLANG_CXX_LANGUAGE_STANDARD = "gnu++14";
				CLANG_CXX_LIBRARY = "libc++";
				CLANG_ENABLE_MODULES = YES;
				CLANG_ENABLE_OBJC_ARC = YES;
				CLANG_ENABLE_OBJC_WEAK = YES;
				CLANG_WARN_BLOCK_CAPTURE_AUTORELEASING = YES;
				CLANG_WARN_BOOL_CONVERSION = YES;
				CLANG_WARN_COMMA = YES;
				CLANG_WARN_CONSTANT_CONVERSION = YES;
				CLANG_WARN_DEPRECATED_OBJC_IMPLEMENTATIONS = YES;
				CLANG_WARN_DIRECT_OBJC_ISA_USAGE = YES_ERROR;
				CLANG_WARN_DOCUMENTATION_COMMENTS = YES;
				CLANG_WARN_EMPTY_BODY = YES;
				CLANG_WARN_ENUM_CONVERSION = YES;
				CLANG_WARN_INFINITE_RECURSION = YES;
				CLANG_WARN_INT_CONVERSION = YES;
				CLANG_WARN_NON_LITERAL_NULL_CONVERSION = YES;
				CLANG_WARN_OBJC_IMPLICIT_RETAIN_SELF = YES;
				CLANG_WARN_OBJC_LITERAL_CONVERSION = YES;
				CLANG_WARN_OBJC_ROOT_CLASS = YES_ERROR;
				CLANG_WARN_RANGE_LOOP_ANALYSIS = YES;
				CLANG_WARN_STRICT_PROTOTYPES = YES;
				CLANG_WARN_SUSPICIOUS_MOVE = YES;
				CLANG_WARN_UNGUARDED_AVAILABILITY = YES_AGGRESSIVE;
				CLANG_WARN_UNREACHABLE_CODE = YES;
				CLANG_WARN__DUPLICATE_METHOD_MATCH = YES;
				CODE_SIGN_IDENTITY = "iPhone Developer";
				COPY_PHASE_STRIP = NO;
				DEBUG_INFORMATION_FORMAT = dwarf;
				ENABLE_STRICT_OBJC_MSGSEND = YES;
				ENABLE_TESTABILITY = YES;
				GCC_C_LANGUAGE_STANDARD = gnu11;
				GCC_DYNAMIC_NO_PIC = NO;
				GCC_NO_COMMON_BLOCKS = YES;
				GCC_OPTIMIZATION_LEVEL = 0;
				GCC_PREPROCESSOR_DEFINITIONS = (
					"DEBUG=1",
					"$(inherited)",
				);
				GCC_WARN_64_TO_32_BIT_CONVERSION = YES;
				GCC_WARN_ABOUT_RETURN_TYPE = YES_ERROR;
				GCC_WARN_UNDECLARED_SELECTOR = YES;
				GCC_WARN_UNINITIALIZED_AUTOS = YES_AGGRESSIVE;
				GCC_WARN_UNUSED_FUNCTION = YES;
				GCC_WARN_UNUSED_VARIABLE = YES;
				IPHONEOS_DEPLOYMENT_TARGET = 12.4;
				MTL_ENABLE_DEBUG_INFO = INCLUDE_SOURCE;
				MTL_FAST_MATH = YES;
				ONLY_ACTIVE_ARCH = YES;
				SDKROOT = iphoneos;
				SWIFT_ACTIVE_COMPILATION_CONDITIONS = DEBUG;
				SWIFT_OPTIMIZATION_LEVEL = "-Onone";
			};
			name = Debug;
		};
		DCE44C3422FCAC21006E5D7D /* Release */ = {
			isa = XCBuildConfiguration;
			buildSettings = {
				ALWAYS_SEARCH_USER_PATHS = NO;
				CLANG_ANALYZER_NONNULL = YES;
				CLANG_ANALYZER_NUMBER_OBJECT_CONVERSION = YES_AGGRESSIVE;
				CLANG_CXX_LANGUAGE_STANDARD = "gnu++14";
				CLANG_CXX_LIBRARY = "libc++";
				CLANG_ENABLE_MODULES = YES;
				CLANG_ENABLE_OBJC_ARC = YES;
				CLANG_ENABLE_OBJC_WEAK = YES;
				CLANG_WARN_BLOCK_CAPTURE_AUTORELEASING = YES;
				CLANG_WARN_BOOL_CONVERSION = YES;
				CLANG_WARN_COMMA = YES;
				CLANG_WARN_CONSTANT_CONVERSION = YES;
				CLANG_WARN_DEPRECATED_OBJC_IMPLEMENTATIONS = YES;
				CLANG_WARN_DIRECT_OBJC_ISA_USAGE = YES_ERROR;
				CLANG_WARN_DOCUMENTATION_COMMENTS = YES;
				CLANG_WARN_EMPTY_BODY = YES;
				CLANG_WARN_ENUM_CONVERSION = YES;
				CLANG_WARN_INFINITE_RECURSION = YES;
				CLANG_WARN_INT_CONVERSION = YES;
				CLANG_WARN_NON_LITERAL_NULL_CONVERSION = YES;
				CLANG_WARN_OBJC_IMPLICIT_RETAIN_SELF = YES;
				CLANG_WARN_OBJC_LITERAL_CONVERSION = YES;
				CLANG_WARN_OBJC_ROOT_CLASS = YES_ERROR;
				CLANG_WARN_RANGE_LOOP_ANALYSIS = YES;
				CLANG_WARN_STRICT_PROTOTYPES = YES;
				CLANG_WARN_SUSPICIOUS_MOVE = YES;
				CLANG_WARN_UNGUARDED_AVAILABILITY = YES_AGGRESSIVE;
				CLANG_WARN_UNREACHABLE_CODE = YES;
				CLANG_WARN__DUPLICATE_METHOD_MATCH = YES;
				CODE_SIGN_IDENTITY = "iPhone Developer";
				COPY_PHASE_STRIP = NO;
				DEBUG_INFORMATION_FORMAT = "dwarf-with-dsym";
				ENABLE_NS_ASSERTIONS = NO;
				ENABLE_STRICT_OBJC_MSGSEND = YES;
				GCC_C_LANGUAGE_STANDARD = gnu11;
				GCC_NO_COMMON_BLOCKS = YES;
				GCC_WARN_64_TO_32_BIT_CONVERSION = YES;
				GCC_WARN_ABOUT_RETURN_TYPE = YES_ERROR;
				GCC_WARN_UNDECLARED_SELECTOR = YES;
				GCC_WARN_UNINITIALIZED_AUTOS = YES_AGGRESSIVE;
				GCC_WARN_UNUSED_FUNCTION = YES;
				GCC_WARN_UNUSED_VARIABLE = YES;
				IPHONEOS_DEPLOYMENT_TARGET = 12.4;
				MTL_ENABLE_DEBUG_INFO = NO;
				MTL_FAST_MATH = YES;
				SDKROOT = iphoneos;
				SWIFT_COMPILATION_MODE = wholemodule;
				SWIFT_OPTIMIZATION_LEVEL = "-O";
				VALIDATE_PRODUCT = YES;
			};
			name = Release;
		};
		DCE44C3622FCAC21006E5D7D /* Debug */ = {
			isa = XCBuildConfiguration;
			buildSettings = {
				ASSETCATALOG_COMPILER_APPICON_NAME = AppIcon;
				CODE_SIGN_IDENTITY = "Apple Development";
				CODE_SIGN_STYLE = Automatic;
				CURRENT_PROJECT_VERSION = 1;
				DEVELOPMENT_TEAM = DT6NQCY8FM;
				FRAMEWORK_SEARCH_PATHS = (
					"$(inherited)",
					"$(PROJECT_DIR)/Carthage/Build/iOS",
				);
				INFOPLIST_FILE = "$(SRCROOT)/EncircleWinterSummit/Resources/Info.plist";
				LD_RUNPATH_SEARCH_PATHS = (
					"$(inherited)",
					"@executable_path/Frameworks",
				);
				MARKETING_VERSION = 1.1;
				OTHER_LDFLAGS = (
					"$(OTHER_LDFLAGS)",
					"-ObjC",
				);
				PRODUCT_BUNDLE_IDENTIFIER = KadenDevMountain.EncircleWinterSummit;
				PRODUCT_NAME = "$(TARGET_NAME)";
				PROVISIONING_PROFILE_SPECIFIER = "";
				SWIFT_VERSION = 5.0;
				TARGETED_DEVICE_FAMILY = 1;
			};
			name = Debug;
		};
		DCE44C3722FCAC21006E5D7D /* Release */ = {
			isa = XCBuildConfiguration;
			buildSettings = {
				ASSETCATALOG_COMPILER_APPICON_NAME = AppIcon;
				CODE_SIGN_IDENTITY = "Apple Development";
				CODE_SIGN_STYLE = Automatic;
				CURRENT_PROJECT_VERSION = 1;
				DEVELOPMENT_TEAM = DT6NQCY8FM;
				FRAMEWORK_SEARCH_PATHS = (
					"$(inherited)",
					"$(PROJECT_DIR)/Carthage/Build/iOS",
				);
				INFOPLIST_FILE = "$(SRCROOT)/EncircleWinterSummit/Resources/Info.plist";
				LD_RUNPATH_SEARCH_PATHS = (
					"$(inherited)",
					"@executable_path/Frameworks",
				);
				MARKETING_VERSION = 1.1;
				OTHER_LDFLAGS = (
					"$(OTHER_LDFLAGS)",
					"-ObjC",
				);
				PRODUCT_BUNDLE_IDENTIFIER = KadenDevMountain.EncircleWinterSummit;
				PRODUCT_NAME = "$(TARGET_NAME)";
				PROVISIONING_PROFILE_SPECIFIER = "";
				SWIFT_VERSION = 5.0;
				TARGETED_DEVICE_FAMILY = 1;
			};
			name = Release;
		};
/* End XCBuildConfiguration section */

/* Begin XCConfigurationList section */
		DCE44C1E22FCAC1D006E5D7D /* Build configuration list for PBXProject "EncircleWinterSummit" */ = {
			isa = XCConfigurationList;
			buildConfigurations = (
				DCE44C3322FCAC21006E5D7D /* Debug */,
				DCE44C3422FCAC21006E5D7D /* Release */,
			);
			defaultConfigurationIsVisible = 0;
			defaultConfigurationName = Release;
		};
		DCE44C3522FCAC21006E5D7D /* Build configuration list for PBXNativeTarget "EncircleWinterSummit" */ = {
			isa = XCConfigurationList;
			buildConfigurations = (
				DCE44C3622FCAC21006E5D7D /* Debug */,
				DCE44C3722FCAC21006E5D7D /* Release */,
			);
			defaultConfigurationIsVisible = 0;
			defaultConfigurationName = Release;
		};
/* End XCConfigurationList section */
	};
	rootObject = DCE44C1B22FCAC1D006E5D7D /* Project object */;
}
